
Microsoft Visual Studio Solution File, Format Version 12.00
# Visual Studio Version 17
VisualStudioVersion = 17.2.32630.192
MinimumVisualStudioVersion = 10.0.40219.1
Project("{54435603-DBB4-11D2-8724-00A0C9A8B90C}") = "Andon.Ariston.Biz", "Andon.Biz\Andon.Biz.vdproj", "{043180EA-F20F-4FB6-9173-60A3EA4CC80A}"
EndProject
Project("{FAE04EC0-301F-11D3-BF4B-00C04F79EFBC}") = "iAndon.Biz.Helper", "Andon.Biz.Helper\iAndon.Biz.Helper.csproj", "{6A3D41B5-B3C3-4C1E-800A-935874CFFA5E}"
EndProject
Project("{FAE04EC0-301F-11D3-BF4B-00C04F79EFBC}") = "iAndon.Biz.Logic", "Andon.Biz.Logic\iAndon.Biz.Logic.csproj", "{6A6217F7-7596-48ED-B5C7-2957AEC50162}"
EndProject
Project("{FAE04EC0-301F-11D3-BF4B-00C04F79EFBC}") = "iAndon.Biz.Test", "Andon.Biz.Test\iAndon.Biz.Test.csproj", "{F66562DB-4CC1-46F1-AF0F-49AB723A765D}"
EndProject
Project("{FAE04EC0-301F-11D3-BF4B-00C04F79EFBC}") = "iAndon.Biz.Service", "Andon.Biz.Service\iAndon.Biz.Service.csproj", "{CF1936DD-DD48-4A0F-9DCF-284DFA40208F}"
EndProject
Project("{FAE04EC0-301F-11D3-BF4B-00C04F79EFBC}") = "iAndon.MSG", "Andon.MSG\iAndon.MSG.csproj", "{5AA29D36-7E71-4016-B5C1-0DEF06770D34}"
EndProject
Global
	GlobalSection(SolutionConfigurationPlatforms) = preSolution
		Debug|Any CPU = Debug|Any CPU
		Release|Any CPU = Release|Any CPU
	EndGlobalSection
	GlobalSection(ProjectConfigurationPlatforms) = postSolution
		{043180EA-F20F-4FB6-9173-60A3EA4CC80A}.Debug|Any CPU.ActiveCfg = Release
		{043180EA-F20F-4FB6-9173-60A3EA4CC80A}.Debug|Any CPU.Build.0 = Release
		{043180EA-F20F-4FB6-9173-60A3EA4CC80A}.Release|Any CPU.ActiveCfg = Release
		{043180EA-F20F-4FB6-9173-60A3EA4CC80A}.Release|Any CPU.Build.0 = Release
		{6A3D41B5-B3C3-4C1E-800A-935874CFFA5E}.Debug|Any CPU.ActiveCfg = Debug|Any CPU
		{6A3D41B5-B3C3-4C1E-800A-935874CFFA5E}.Debug|Any CPU.Build.0 = Debug|Any CPU
		{6A3D41B5-B3C3-4C1E-800A-935874CFFA5E}.Release|Any CPU.ActiveCfg = Release|Any CPU
		{6A3D41B5-B3C3-4C1E-800A-935874CFFA5E}.Release|Any CPU.Build.0 = Release|Any CPU
		{6A6217F7-7596-48ED-B5C7-2957AEC50162}.Debug|Any CPU.ActiveCfg = Debug|Any CPU
		{6A6217F7-7596-48ED-B5C7-2957AEC50162}.Debug|Any CPU.Build.0 = Debug|Any CPU
		{6A6217F7-7596-48ED-B5C7-2957AEC50162}.Release|Any CPU.ActiveCfg = Release|Any CPU
		{6A6217F7-7596-48ED-B5C7-2957AEC50162}.Release|Any CPU.Build.0 = Release|Any CPU
		{F66562DB-4CC1-46F1-AF0F-49AB723A765D}.Debug|Any CPU.ActiveCfg = Debug|Any CPU
		{F66562DB-4CC1-46F1-AF0F-49AB723A765D}.Debug|Any CPU.Build.0 = Debug|Any CPU
		{F66562DB-4CC1-46F1-AF0F-49AB723A765D}.Release|Any CPU.ActiveCfg = Release|Any CPU
		{F66562DB-4CC1-46F1-AF0F-49AB723A765D}.Release|Any CPU.Build.0 = Release|Any CPU
		{CF1936DD-DD48-4A0F-9DCF-284DFA40208F}.Debug|Any CPU.ActiveCfg = Debug|Any CPU
		{CF1936DD-DD48-4A0F-9DCF-284DFA40208F}.Debug|Any CPU.Build.0 = Debug|Any CPU
		{CF1936DD-DD48-4A0F-9DCF-284DFA40208F}.Release|Any CPU.ActiveCfg = Release|Any CPU
		{CF1936DD-DD48-4A0F-9DCF-284DFA40208F}.Release|Any CPU.Build.0 = Release|Any CPU
		{5AA29D36-7E71-4016-B5C1-0DEF06770D34}.Debug|Any CPU.ActiveCfg = Debug|Any CPU
		{5AA29D36-7E71-4016-B5C1-0DEF06770D34}.Debug|Any CPU.Build.0 = Debug|Any CPU
		{5AA29D36-7E71-4016-B5C1-0DEF06770D34}.Release|Any CPU.ActiveCfg = Release|Any CPU
		{5AA29D36-7E71-4016-B5C1-0DEF06770D34}.Release|Any CPU.Build.0 = Release|Any CPU
	EndGlobalSection
	GlobalSection(SolutionProperties) = preSolution
		HideSolutionNode = FALSE
	EndGlobalSection
	GlobalSection(ExtensibilityGlobals) = postSolution
		SolutionGuid = {63C0B88C-E574-4C8C-A190-221F3D03A323}
	EndGlobalSection
EndGlobal
